# THIS IS AN AUTOGENERATED FILE. DO NOT EDIT THIS FILE DIRECTLY.
# yarn lockfile v1


react-verification-input@^4.1.2:
  version "4.1.2"
  resolved "https://registry.yarnpkg.com/react-verification-input/-/react-verification-input-4.1.2.tgz#ff53b07cf5b6944bb7c0b1fcfad4d5ac9b9b7c64"
  integrity sha512-lCEpso4S0SS7zLhDxXo/iuycEfJP7kj1glTPDEb8rYehtovRTG4wegg/naloRzWuM+EWfmfN0/4/xKNsOl5zuQ==
